
Microsoft Visual Studio Solution File, Format Version 12.00
# Visual Studio Version 16
VisualStudioVersion = 16.0.30225.117
MinimumVisualStudioVersion = 10.0.40219.1
Project("{9A19103F-16F7-4668-BE54-9A1E7A4F7556}") = "MerchantRPG", "MerchantRPG.csproj", "{533C2594-F175-4F0C-BDEE-008724ABF866}"
EndProject
Project("{FAE04EC0-301F-11D3-BF4B-00C04F79EFBC}") = "CLI_GUI", "..\CLI_GUI\CLI_GUI.csproj", "{00D25005-646C-40B7-9AB5-E0092C1C083E}"
EndProject
Global
	GlobalSection(SolutionConfigurationPlatforms) = preSolution
		Debug|Any CPU = Debug|Any CPU
		Release|Any CPU = Release|Any CPU
	EndGlobalSection
	GlobalSection(ProjectConfigurationPlatforms) = postSolution
		{533C2594-F175-4F0C-BDEE-008724ABF866}.Debug|Any CPU.ActiveCfg = Debug|Any CPU
		{533C2594-F175-4F0C-BDEE-008724ABF866}.Debug|Any CPU.Build.0 = Debug|Any CPU
		{533C2594-F175-4F0C-BDEE-008724ABF866}.Release|Any CPU.ActiveCfg = Release|Any CPU
		{533C2594-F175-4F0C-BDEE-008724ABF866}.Release|Any CPU.Build.0 = Release|Any CPU
		{00D25005-646C-40B7-9AB5-E0092C1C083E}.Debug|Any CPU.ActiveCfg = Debug|Any CPU
		{00D25005-646C-40B7-9AB5-E0092C1C083E}.Debug|Any CPU.Build.0 = Debug|Any CPU
		{00D25005-646C-40B7-9AB5-E0092C1C083E}.Release|Any CPU.ActiveCfg = Release|Any CPU
		{00D25005-646C-40B7-9AB5-E0092C1C083E}.Release|Any CPU.Build.0 = Release|Any CPU
	EndGlobalSection
	GlobalSection(SolutionProperties) = preSolution
		HideSolutionNode = FALSE
	EndGlobalSection
	GlobalSection(ExtensibilityGlobals) = postSolution
		SolutionGuid = {AC018BB1-2303-4A32-A3E4-323C5FE0546B}
	EndGlobalSection
EndGlobal
